
Microsoft Visual Studio Solution File, Format Version 12.00
# Visual Studio Version 17
VisualStudioVersion = 17.1.32421.90
MinimumVisualStudioVersion = 10.0.40219.1
Project("{FAE04EC0-301F-11D3-BF4B-00C04F79EFBC}") = "ApiProject.Lesson", "ApiProject.Lesson\ApiProject.Lesson.csproj", "{EC988B15-C4D7-48D8-8311-050E3EAC4B9C}"
EndProject
Project("{E53339B2-1760-4266-BCC7-CA923CBCF16C}") = "docker-compose", "docker-compose.dcproj", "{94640CDC-D04D-4F76-9ACE-2E70FF3974C2}"
EndProject
Global
	GlobalSection(SolutionConfigurationPlatforms) = preSolution
		Debug|Any CPU = Debug|Any CPU
		Release|Any CPU = Release|Any CPU
	EndGlobalSection
	GlobalSection(ProjectConfigurationPlatforms) = postSolution
		{EC988B15-C4D7-48D8-8311-050E3EAC4B9C}.Debug|Any CPU.ActiveCfg = Debug|Any CPU
		{EC988B15-C4D7-48D8-8311-050E3EAC4B9C}.Debug|Any CPU.Build.0 = Debug|Any CPU
		{EC988B15-C4D7-48D8-8311-050E3EAC4B9C}.Release|Any CPU.ActiveCfg = Release|Any CPU
		{EC988B15-C4D7-48D8-8311-050E3EAC4B9C}.Release|Any CPU.Build.0 = Release|Any CPU
		{94640CDC-D04D-4F76-9ACE-2E70FF3974C2}.Debug|Any CPU.ActiveCfg = Debug|Any CPU
		{94640CDC-D04D-4F76-9ACE-2E70FF3974C2}.Debug|Any CPU.Build.0 = Debug|Any CPU
		{94640CDC-D04D-4F76-9ACE-2E70FF3974C2}.Release|Any CPU.ActiveCfg = Release|Any CPU
		{94640CDC-D04D-4F76-9ACE-2E70FF3974C2}.Release|Any CPU.Build.0 = Release|Any CPU
	EndGlobalSection
	GlobalSection(SolutionProperties) = preSolution
		HideSolutionNode = FALSE
	EndGlobalSection
	GlobalSection(ExtensibilityGlobals) = postSolution
		SolutionGuid = {1185CBD3-BA3E-4CFE-AF3D-B76C78252218}
	EndGlobalSection
EndGlobal
